
Microsoft Visual Studio Solution File, Format Version 12.00
# Visual Studio Version 16
VisualStudioVersion = 16.0.31605.320
MinimumVisualStudioVersion = 10.0.40219.1
Project("{9A19103F-16F7-4668-BE54-9A1E7A4F7556}") = "my_books", "my_books\my_books.csproj", "{1B3583D0-6898-4674-88BE-2ABA50A4300B}"
EndProject
Project("{FAE04EC0-301F-11D3-BF4B-00C04F79EFBC}") = "my-books-tests", "my-books-tests\my-books-tests.csproj", "{9216F815-8E59-4960-9DDD-7EBD7478503C}"
EndProject
Global
	GlobalSection(SolutionConfigurationPlatforms) = preSolution
		Debug|Any CPU = Debug|Any CPU
		Release|Any CPU = Release|Any CPU
	EndGlobalSection
	GlobalSection(ProjectConfigurationPlatforms) = postSolution
		{1B3583D0-6898-4674-88BE-2ABA50A4300B}.Debug|Any CPU.ActiveCfg = Debug|Any CPU
		{1B3583D0-6898-4674-88BE-2ABA50A4300B}.Debug|Any CPU.Build.0 = Debug|Any CPU
		{1B3583D0-6898-4674-88BE-2ABA50A4300B}.Release|Any CPU.ActiveCfg = Release|Any CPU
		{1B3583D0-6898-4674-88BE-2ABA50A4300B}.Release|Any CPU.Build.0 = Release|Any CPU
		{9216F815-8E59-4960-9DDD-7EBD7478503C}.Debug|Any CPU.ActiveCfg = Debug|Any CPU
		{9216F815-8E59-4960-9DDD-7EBD7478503C}.Debug|Any CPU.Build.0 = Debug|Any CPU
		{9216F815-8E59-4960-9DDD-7EBD7478503C}.Release|Any CPU.ActiveCfg = Release|Any CPU
		{9216F815-8E59-4960-9DDD-7EBD7478503C}.Release|Any CPU.Build.0 = Release|Any CPU
	EndGlobalSection
	GlobalSection(SolutionProperties) = preSolution
		HideSolutionNode = FALSE
	EndGlobalSection
	GlobalSection(ExtensibilityGlobals) = postSolution
		SolutionGuid = {9D904477-13CD-4E1D-9D02-EC6C1BE45BF5}
	EndGlobalSection
EndGlobal
